// !$*UTF8*$!
{
	archiveVersion = 1;
	classes = {
	};
	objectVersion = 56;
	objects = {

/* Begin PBXBuildFile section */
		322E3B732AC08E73006ECE22 /* AppDelegate.swift in Sources */ = {isa = PBXBuildFile; fileRef = 322E3B722AC08E73006ECE22 /* AppDelegate.swift */; };
		322E3B752AC08E73006ECE22 /* SceneDelegate.swift in Sources */ = {isa = PBXBuildFile; fileRef = 322E3B742AC08E73006ECE22 /* SceneDelegate.swift */; };
		322E3B772AC08E73006ECE22 /* TaskListViewController.swift in Sources */ = {isa = PBXBuildFile; fileRef = 322E3B762AC08E73006ECE22 /* TaskListViewController.swift */; };
		322E3B7A2AC08E73006ECE22 /* Main.storyboard in Resources */ = {isa = PBXBuildFile; fileRef = 322E3B782AC08E73006ECE22 /* Main.storyboard */; };
		322E3B7C2AC08E76006ECE22 /* Assets.xcassets in Resources */ = {isa = PBXBuildFile; fileRef = 322E3B7B2AC08E76006ECE22 /* Assets.xcassets */; };
		322E3B7F2AC08E76006ECE22 /* LaunchScreen.storyboard in Resources */ = {isa = PBXBuildFile; fileRef = 322E3B7D2AC08E76006ECE22 /* LaunchScreen.storyboard */; };
		322E3B8B2AC0933C006ECE22 /* Task.swift in Sources */ = {isa = PBXBuildFile; fileRef = 322E3B8A2AC0933C006ECE22 /* Task.swift */; };
		322E3B8D2AC09C4B006ECE22 /* TaskDetailViewController.swift in Sources */ = {isa = PBXBuildFile; fileRef = 322E3B8C2AC09C4B006ECE22 /* TaskDetailViewController.swift */; };
		322E3B8F2AC0A42D006ECE22 /* TaskCell.swift in Sources */ = {isa = PBXBuildFile; fileRef = 322E3B8E2AC0A42D006ECE22 /* TaskCell.swift */; };
		322E3B912AC0A7AD006ECE22 /* TaskAnnotationView.swift in Sources */ = {isa = PBXBuildFile; fileRef = 322E3B902AC0A7AD006ECE22 /* TaskAnnotationView.swift */; };
/* End PBXBuildFile section */

/* Begin PBXFileReference section */
		322E3B6F2AC08E73006ECE22 /* HW4.app */ = {isa = PBXFileReference; explicitFileType = wrapper.application; includeInIndex = 0; path = HW4.app; sourceTree = BUILT_PRODUCTS_DIR; };
		322E3B722AC08E73006ECE22 /* AppDelegate.swift */ = {isa = PBXFileReference; lastKnownFileType = sourcecode.swift; path = AppDelegate.swift; sourceTree = "<group>"; };
		322E3B742AC08E73006ECE22 /* SceneDelegate.swift */ = {isa = PBXFileReference; lastKnownFileType = sourcecode.swift; path = SceneDelegate.swift; sourceTree = "<group>"; };
		322E3B762AC08E73006ECE22 /* TaskListViewController.swift */ = {isa = PBXFileReference; lastKnownFileType = sourcecode.swift; path = TaskListViewController.swift; sourceTree = "<group>"; };
		322E3B792AC08E73006ECE22 /* Base */ = {isa = PBXFileReference; lastKnownFileType = file.storyboard; name = Base; path = Base.lproj/Main.storyboard; sourceTree = "<group>"; };
		322E3B7B2AC08E76006ECE22 /* Assets.xcassets */ = {isa = PBXFileReference; lastKnownFileType = folder.assetcatalog; path = Assets.xcassets; sourceTree = "<group>"; };
		322E3B7E2AC08E76006ECE22 /* Base */ = {isa = PBXFileReference; lastKnownFileType = file.storyboard; name = Base; path = Base.lproj/LaunchScreen.storyboard; sourceTree = "<group>"; };
		322E3B802AC08E76006ECE22 /* Info.plist */ = {isa = PBXFileReference; lastKnownFileType = text.plist.xml; path = Info.plist; sourceTree = "<group>"; };
		322E3B8A2AC0933C006ECE22 /* Task.swift */ = {isa = PBXFileReference; lastKnownFileType = sourcecode.swift; path = Task.swift; sourceTree = "<group>"; };
		322E3B8C2AC09C4B006ECE22 /* TaskDetailViewController.swift */ = {isa = PBXFileReference; lastKnownFileType = sourcecode.swift; path = TaskDetailViewController.swift; sourceTree = "<group>"; };
		322E3B8E2AC0A42D006ECE22 /* TaskCell.swift */ = {isa = PBXFileReference; lastKnownFileType = sourcecode.swift; path = TaskCell.swift; sourceTree = "<group>"; };
		322E3B902AC0A7AD006ECE22 /* TaskAnnotationView.swift */ = {isa = PBXFileReference; lastKnownFileType = sourcecode.swift; path = TaskAnnotationView.swift; sourceTree = "<group>"; };
/* End PBXFileReference section */

/* Begin PBXFrameworksBuildPhase section */
		322E3B6C2AC08E73006ECE22 /* Frameworks */ = {
			isa = PBXFrameworksBuildPhase;
			buildActionMask = 2147483647;
			files = (
			);
			runOnlyForDeploymentPostprocessing = 0;
		};
/* End PBXFrameworksBuildPhase section */

/* Begin PBXGroup section */
		322E3B662AC08E73006ECE22 = {
			isa = PBXGroup;
			children = (
				322E3B712AC08E73006ECE22 /* HW4 */,
				322E3B702AC08E73006ECE22 /* Products */,
			);
			sourceTree = "<group>";
		};
		322E3B702AC08E73006ECE22 /* Products */ = {
			isa = PBXGroup;
			children = (
				322E3B6F2AC08E73006ECE22 /* HW4.app */,
			);
			name = Products;
			sourceTree = "<group>";
		};
		322E3B712AC08E73006ECE22 /* HW4 */ = {
			isa = PBXGroup;
			children = (
				322E3B722AC08E73006ECE22 /* AppDelegate.swift */,
				322E3B742AC08E73006ECE22 /* SceneDelegate.swift */,
				322E3B862AC09193006ECE22 /* Task List */,
				322E3B872AC091A2006ECE22 /* Task Compose */,
				322E3B882AC091AF006ECE22 /* Task Detail */,
				322E3B892AC091BF006ECE22 /* Models */,
				322E3B782AC08E73006ECE22 /* Main.storyboard */,
				322E3B7B2AC08E76006ECE22 /* Assets.xcassets */,
				322E3B7D2AC08E76006ECE22 /* LaunchScreen.storyboard */,
				322E3B802AC08E76006ECE22 /* Info.plist */,
			);
			path = HW4;
			sourceTree = "<group>";
		};
		322E3B862AC09193006ECE22 /* Task List */ = {
			isa = PBXGroup;
			children = (
				322E3B762AC08E73006ECE22 /* TaskListViewController.swift */,
				322E3B8E2AC0A42D006ECE22 /* TaskCell.swift */,
			);
			path = "Task List";
			sourceTree = "<group>";
		};
		322E3B872AC091A2006ECE22 /* Task Compose */ = {
			isa = PBXGroup;
			children = (
			);
			path = "Task Compose";
			sourceTree = "<group>";
		};
		322E3B882AC091AF006ECE22 /* Task Detail */ = {
			isa = PBXGroup;
			children = (
				322E3B8C2AC09C4B006ECE22 /* TaskDetailViewController.swift */,
				322E3B902AC0A7AD006ECE22 /* TaskAnnotationView.swift */,
			);
			path = "Task Detail";
			sourceTree = "<group>";
		};
		322E3B892AC091BF006ECE22 /* Models */ = {
			isa = PBXGroup;
			children = (
				322E3B8A2AC0933C006ECE22 /* Task.swift */,
			);
			path = Models;
			sourceTree = "<group>";
		};
/* End PBXGroup section */

/* Begin PBXNativeTarget section */
		322E3B6E2AC08E73006ECE22 /* HW4 */ = {
			isa = PBXNativeTarget;
			buildConfigurationList = 322E3B832AC08E76006ECE22 /* Build configuration list for PBXNativeTarget "HW4" */;
			buildPhases = (
				322E3B6B2AC08E73006ECE22 /* Sources */,
				322E3B6C2AC08E73006ECE22 /* Frameworks */,
				322E3B6D2AC08E73006ECE22 /* Resources */,
			);
			buildRules = (
			);
			dependencies = (
			);
			name = HW4;
			productName = HW4;
			productReference = 322E3B6F2AC08E73006ECE22 /* HW4.app */;
			productType = "com.apple.product-type.application";
		};
/* End PBXNativeTarget section */

/* Begin PBXProject section */
		322E3B672AC08E73006ECE22 /* Project object */ = {
			isa = PBXProject;
			attributes = {
				BuildIndependentTargetsInParallel = 1;
				LastSwiftUpdateCheck = 1430;
				LastUpgradeCheck = 1430;
				TargetAttributes = {
					322E3B6E2AC08E73006ECE22 = {
						CreatedOnToolsVersion = 14.3.1;
					};
				};
			};
			buildConfigurationList = 322E3B6A2AC08E73006ECE22 /* Build configuration list for PBXProject "HW4" */;
			compatibilityVersion = "Xcode 14.0";
			developmentRegion = en;
			hasScannedForEncodings = 0;
			knownRegions = (
				en,
				Base,
			);
			mainGroup = 322E3B662AC08E73006ECE22;
			productRefGroup = 322E3B702AC08E73006ECE22 /* Products */;
			projectDirPath = "";
			projectRoot = "";
			targets = (
				322E3B6E2AC08E73006ECE22 /* HW4 */,
			);
		};
/* End PBXProject section */

/* Begin PBXResourcesBuildPhase section */
		322E3B6D2AC08E73006ECE22 /* Resources */ = {
			isa = PBXResourcesBuildPhase;
			buildActionMask = 2147483647;
			files = (
				322E3B7F2AC08E76006ECE22 /* LaunchScreen.storyboard in Resources */,
				322E3B7C2AC08E76006ECE22 /* Assets.xcassets in Resources */,
				322E3B7A2AC08E73006ECE22 /* Main.storyboard in Resources */,
			);
			runOnlyForDeploymentPostprocessing = 0;
		};
/* End PBXResourcesBuildPhase section */

/* Begin PBXSourcesBuildPhase section */
		322E3B6B2AC08E73006ECE22 /* Sources */ = {
			isa = PBXSourcesBuildPhase;
			buildActionMask = 2147483647;
			files = (
				322E3B8B2AC0933C006ECE22 /* Task.swift in Sources */,
				322E3B772AC08E73006ECE22 /* TaskListViewController.swift in Sources */,
				322E3B732AC08E73006ECE22 /* AppDelegate.swift in Sources */,
				322E3B752AC08E73006ECE22 /* SceneDelegate.swift in Sources */,
				322E3B8F2AC0A42D006ECE22 /* TaskCell.swift in Sources */,
				322E3B912AC0A7AD006ECE22 /* TaskAnnotationView.swift in Sources */,
				322E3B8D2AC09C4B006ECE22 /* TaskDetailViewController.swift in Sources */,
			);
			runOnlyForDeploymentPostprocessing = 0;
		};
/* End PBXSourcesBuildPhase section */

/* Begin PBXVariantGroup section */
		322E3B782AC08E73006ECE22 /* Main.storyboard */ = {
			isa = PBXVariantGroup;
			children = (
				322E3B792AC08E73006ECE22 /* Base */,
			);
			name = Main.storyboard;
			sourceTree = "<group>";
		};
		322E3B7D2AC08E76006ECE22 /* LaunchScreen.storyboard */ = {
			isa = PBXVariantGroup;
			children = (
				322E3B7E2AC08E76006ECE22 /* Base */,
			);
			name = LaunchScreen.storyboard;
			sourceTree = "<group>";
		};
/* End PBXVariantGroup section */

/* Begin XCBuildConfiguration section */
		322E3B812AC08E76006ECE22 /* Debug */ = {
			isa = XCBuildConfiguration;
			buildSettings = {
				ALWAYS_SEARCH_USER_PATHS = NO;
				CLANG_ANALYZER_NONNULL = YES;
				CLANG_ANALYZER_NUMBER_OBJECT_CONVERSION = YES_AGGRESSIVE;
				CLANG_CXX_LANGUAGE_STANDARD = "gnu++20";
				CLANG_ENABLE_MODULES = YES;
				CLANG_ENABLE_OBJC_ARC = YES;
				CLANG_ENABLE_OBJC_WEAK = YES;
				CLANG_WARN_BLOCK_CAPTURE_AUTORELEASING = YES;
				CLANG_WARN_BOOL_CONVERSION = YES;
				CLANG_WARN_COMMA = YES;
				CLANG_WARN_CONSTANT_CONVERSION = YES;
				CLANG_WARN_DEPRECATED_OBJC_IMPLEMENTATIONS = YES;
				CLANG_WARN_DIRECT_OBJC_ISA_USAGE = YES_ERROR;
				CLANG_WARN_DOCUMENTATION_COMMENTS = YES;
				CLANG_WARN_EMPTY_BODY = YES;
				CLANG_WARN_ENUM_CONVERSION = YES;
				CLANG_WARN_INFINITE_RECURSION = YES;
				CLANG_WARN_INT_CONVERSION = YES;
				CLANG_WARN_NON_LITERAL_NULL_CONVERSION = YES;
				CLANG_WARN_OBJC_IMPLICIT_RETAIN_SELF = YES;
				CLANG_WARN_OBJC_LITERAL_CONVERSION = YES;
				CLANG_WARN_OBJC_ROOT_CLASS = YES_ERROR;
				CLANG_WARN_QUOTED_INCLUDE_IN_FRAMEWORK_HEADER = YES;
				CLANG_WARN_RANGE_LOOP_ANALYSIS = YES;
				CLANG_WARN_STRICT_PROTOTYPES = YES;
				CLANG_WARN_SUSPICIOUS_MOVE = YES;
				CLANG_WARN_UNGUARDED_AVAILABILITY = YES_AGGRESSIVE;
				CLANG_WARN_UNREACHABLE_CODE = YES;
				CLANG_WARN__DUPLICATE_METHOD_MATCH = YES;
				COPY_PHASE_STRIP = NO;
				DEBUG_INFORMATION_FORMAT = dwarf;
				ENABLE_STRICT_OBJC_MSGSEND = YES;
				ENABLE_TESTABILITY = YES;
				GCC_C_LANGUAGE_STANDARD = gnu11;
				GCC_DYNAMIC_NO_PIC = NO;
				GCC_NO_COMMON_BLOCKS = YES;
				GCC_OPTIMIZATION_LEVEL = 0;
				GCC_PREPROCESSOR_DEFINITIONS = (
					"DEBUG=1",
					"$(inherited)",
				);
				GCC_WARN_64_TO_32_BIT_CONVERSION = YES;
				GCC_WARN_ABOUT_RETURN_TYPE = YES_ERROR;
				GCC_WARN_UNDECLARED_SELECTOR = YES;
				GCC_WARN_UNINITIALIZED_AUTOS = YES_AGGRESSIVE;
				GCC_WARN_UNUSED_FUNCTION = YES;
				GCC_WARN_UNUSED_VARIABLE = YES;
				IPHONEOS_DEPLOYMENT_TARGET = 16.4;
				MTL_ENABLE_DEBUG_INFO = INCLUDE_SOURCE;
				MTL_FAST_MATH = YES;
				ONLY_ACTIVE_ARCH = YES;
				SDKROOT = iphoneos;
				SWIFT_ACTIVE_COMPILATION_CONDITIONS = DEBUG;
				SWIFT_OPTIMIZATION_LEVEL = "-Onone";
			};
			name = Debug;
		};
		322E3B822AC08E76006ECE22 /* Release */ = {
			isa = XCBuildConfiguration;
			buildSettings = {
				ALWAYS_SEARCH_USER_PATHS = NO;
				CLANG_ANALYZER_NONNULL = YES;
				CLANG_ANALYZER_NUMBER_OBJECT_CONVERSION = YES_AGGRESSIVE;
				CLANG_CXX_LANGUAGE_STANDARD = "gnu++20";
				CLANG_ENABLE_MODULES = YES;
				CLANG_ENABLE_OBJC_ARC = YES;
				CLANG_ENABLE_OBJC_WEAK = YES;
				CLANG_WARN_BLOCK_CAPTURE_AUTORELEASING = YES;
				CLANG_WARN_BOOL_CONVERSION = YES;
				CLANG_WARN_COMMA = YES;
				CLANG_WARN_CONSTANT_CONVERSION = YES;
				CLANG_WARN_DEPRECATED_OBJC_IMPLEMENTATIONS = YES;
				CLANG_WARN_DIRECT_OBJC_ISA_USAGE = YES_ERROR;
				CLANG_WARN_DOCUMENTATION_COMMENTS = YES;
				CLANG_WARN_EMPTY_BODY = YES;
				CLANG_WARN_ENUM_CONVERSION = YES;
				CLANG_WARN_INFINITE_RECURSION = YES;
				CLANG_WARN_INT_CONVERSION = YES;
				CLANG_WARN_NON_LITERAL_NULL_CONVERSION = YES;
				CLANG_WARN_OBJC_IMPLICIT_RETAIN_SELF = YES;
				CLANG_WARN_OBJC_LITERAL_CONVERSION = YES;
				CLANG_WARN_OBJC_ROOT_CLASS = YES_ERROR;
				CLANG_WARN_QUOTED_INCLUDE_IN_FRAMEWORK_HEADER = YES;
				CLANG_WARN_RANGE_LOOP_ANALYSIS = YES;
				CLANG_WARN_STRICT_PROTOTYPES = YES;
				CLANG_WARN_SUSPICIOUS_MOVE = YES;
				CLANG_WARN_UNGUARDED_AVAILABILITY = YES_AGGRESSIVE;
				CLANG_WARN_UNREACHABLE_CODE = YES;
				CLANG_WARN__DUPLICATE_METHOD_MATCH = YES;
				COPY_PHASE_STRIP = NO;
				DEBUG_INFORMATION_FORMAT = "dwarf-with-dsym";
				ENABLE_NS_ASSERTIONS = NO;
				ENABLE_STRICT_OBJC_MSGSEND = YES;
				GCC_C_LANGUAGE_STANDARD = gnu11;
				GCC_NO_COMMON_BLOCKS = YES;
				GCC_WARN_64_TO_32_BIT_CONVERSION = YES;
				GCC_WARN_ABOUT_RETURN_TYPE = YES_ERROR;
				GCC_WARN_UNDECLARED_SELECTOR = YES;
				GCC_WARN_UNINITIALIZED_AUTOS = YES_AGGRESSIVE;
				GCC_WARN_UNUSED_FUNCTION = YES;
				GCC_WARN_UNUSED_VARIABLE = YES;
				IPHONEOS_DEPLOYMENT_TARGET = 16.4;
				MTL_ENABLE_DEBUG_INFO = NO;
				MTL_FAST_MATH = YES;
				SDKROOT = iphoneos;
				SWIFT_COMPILATION_MODE = wholemodule;
				SWIFT_OPTIMIZATION_LEVEL = "-O";
				VALIDATE_PRODUCT = YES;
			};
			name = Release;
		};
		322E3B842AC08E76006ECE22 /* Debug */ = {
			isa = XCBuildConfiguration;
			buildSettings = {
				ASSETCATALOG_COMPILER_APPICON_NAME = AppIcon;
				ASSETCATALOG_COMPILER_GLOBAL_ACCENT_COLOR_NAME = AccentColor;
				CODE_SIGN_STYLE = Automatic;
				CURRENT_PROJECT_VERSION = 1;
				GENERATE_INFOPLIST_FILE = YES;
				INFOPLIST_FILE = HW4/Info.plist;
				INFOPLIST_KEY_UIApplicationSupportsIndirectInputEvents = YES;
				INFOPLIST_KEY_UILaunchStoryboardName = LaunchScreen;
				INFOPLIST_KEY_UIMainStoryboardFile = Main;
				INFOPLIST_KEY_UISupportedInterfaceOrientations_iPad = "UIInterfaceOrientationPortrait UIInterfaceOrientationPortraitUpsideDown UIInterfaceOrientationLandscapeLeft UIInterfaceOrientationLandscapeRight";
				INFOPLIST_KEY_UISupportedInterfaceOrientations_iPhone = "UIInterfaceOrientationPortrait UIInterfaceOrientationLandscapeLeft UIInterfaceOrientationLandscapeRight";
				LD_RUNPATH_SEARCH_PATHS = (
					"$(inherited)",
					"@executable_path/Frameworks",
				);
				MARKETING_VERSION = 1.0;
				PRODUCT_BUNDLE_IDENTIFIER = StephanieSaenz.HW4;
				PRODUCT_NAME = "$(TARGET_NAME)";
				SWIFT_EMIT_LOC_STRINGS = YES;
				SWIFT_VERSION = 5.0;
				TARGETED_DEVICE_FAMILY = "1,2";
			};
			name = Debug;
		};
		322E3B852AC08E76006ECE22 /* Release */ = {
			isa = XCBuildConfiguration;
			buildSettings = {
				ASSETCATALOG_COMPILER_APPICON_NAME = AppIcon;
				ASSETCATALOG_COMPILER_GLOBAL_ACCENT_COLOR_NAME = AccentColor;
				CODE_SIGN_STYLE = Automatic;
				CURRENT_PROJECT_VERSION = 1;
				GENERATE_INFOPLIST_FILE = YES;
				INFOPLIST_FILE = HW4/Info.plist;
				INFOPLIST_KEY_UIApplicationSupportsIndirectInputEvents = YES;
				INFOPLIST_KEY_UILaunchStoryboardName = LaunchScreen;
				INFOPLIST_KEY_UIMainStoryboardFile = Main;
				INFOPLIST_KEY_UISupportedInterfaceOrientations_iPad = "UIInterfaceOrientationPortrait UIInterfaceOrientationPortraitUpsideDown UIInterfaceOrientationLandscapeLeft UIInterfaceOrientationLandscapeRight";
				INFOPLIST_KEY_UISupportedInterfaceOrientations_iPhone = "UIInterfaceOrientationPortrait UIInterfaceOrientationLandscapeLeft UIInterfaceOrientationLandscapeRight";
				LD_RUNPATH_SEARCH_PATHS = (
					"$(inherited)",
					"@executable_path/Frameworks",
				);
				MARKETING_VERSION = 1.0;
				PRODUCT_BUNDLE_IDENTIFIER = StephanieSaenz.HW4;
				PRODUCT_NAME = "$(TARGET_NAME)";
				SWIFT_EMIT_LOC_STRINGS = YES;
				SWIFT_VERSION = 5.0;
				TARGETED_DEVICE_FAMILY = "1,2";
			};
			name = Release;
		};
/* End XCBuildConfiguration section */

/* Begin XCConfigurationList section */
		322E3B6A2AC08E73006ECE22 /* Build configuration list for PBXProject "HW4" */ = {
			isa = XCConfigurationList;
			buildConfigurations = (
				322E3B812AC08E76006ECE22 /* Debug */,
				322E3B822AC08E76006ECE22 /* Release */,
			);
			defaultConfigurationIsVisible = 0;
			defaultConfigurationName = Release;
		};
		322E3B832AC08E76006ECE22 /* Build configuration list for PBXNativeTarget "HW4" */ = {
			isa = XCConfigurationList;
			buildConfigurations = (
				322E3B842AC08E76006ECE22 /* Debug */,
				322E3B852AC08E76006ECE22 /* Release */,
			);
			defaultConfigurationIsVisible = 0;
			defaultConfigurationName = Release;
		};
/* End XCConfigurationList section */
	};
	rootObject = 322E3B672AC08E73006ECE22 /* Project object */;
}
